
Microsoft Visual Studio Solution File, Format Version 12.00
# Visual Studio Version 17
VisualStudioVersion = 17.7.34003.232
MinimumVisualStudioVersion = 10.0.40219.1
Project("{888888A0-9F3D-457C-B088-3A5042F75D52}") = "LuxuriaLifestyle", "LuxuriaLifestyle.pyproj", "{8B7E1EF1-4A7D-4212-A58D-8D2EF072867E}"
EndProject
Global
	GlobalSection(SolutionConfigurationPlatforms) = preSolution
		Debug|Any CPU = Debug|Any CPU
		Release|Any CPU = Release|Any CPU
	EndGlobalSection
	GlobalSection(ProjectConfigurationPlatforms) = postSolution
		{8B7E1EF1-4A7D-4212-A58D-8D2EF072867E}.Debug|Any CPU.ActiveCfg = Debug|Any CPU
		{8B7E1EF1-4A7D-4212-A58D-8D2EF072867E}.Debug|Any CPU.Build.0 = Debug|Any CPU
		{8B7E1EF1-4A7D-4212-A58D-8D2EF072867E}.Release|Any CPU.ActiveCfg = Release|Any CPU
		{8B7E1EF1-4A7D-4212-A58D-8D2EF072867E}.Release|Any CPU.Build.0 = Release|Any CPU
	EndGlobalSection
	GlobalSection(SolutionProperties) = preSolution
		HideSolutionNode = FALSE
	EndGlobalSection
	GlobalSection(ExtensibilityGlobals) = postSolution
		SolutionGuid = {C626CF62-2BF3-4BBD-9CF7-90645E223021}
	EndGlobalSection
EndGlobal
